Microsoft Visual Studio Solution File, Format Version 12.00
# Visual Studio 2013
VisualStudioVersion = 12.0.31101.0
MinimumVisualStudioVersion = 10.0.40219.1
Project("{2150E333-8FDC-42A3-9474-1A3956D46DE8}") = "Presentation", "Presentation", "{689BF3DA-EAC7-46A6-9816-07F86C2365D1}"
EndProject
Project("{2150E333-8FDC-42A3-9474-1A3956D46DE8}") = "Service", "Service", "{15EE658C-7B98-460D-B66F-B460E848F4A4}"
EndProject
Project("{2150E333-8FDC-42A3-9474-1A3956D46DE8}") = "Business", "Business", "{262EC12E-67D8-49A2-A97D-BFC31321CFCE}"
EndProject
Project("{2150E333-8FDC-42A3-9474-1A3956D46DE8}") = "Data", "Data", "{56F606B4-EB9C-4774-8463-B183953973F2}"
EndProject
Project("{2150E333-8FDC-42A3-9474-1A3956D46DE8}") = "Shared", "Shared", "{9BD72299-11FB-427E-A607-94738F69CB50}"
EndProject
Project("{FAE04EC0-301F-11D3-BF4B-00C04F79EFBC}") = "Bec.TargetFramework.Business", "Business\Bec.TargetFramework.Business\Bec.TargetFramework.Business.csproj", "{5F3A6F4F-CA28-467F-BACD-5979F9190BAE}"
EndProject
Project("{FAE04EC0-301F-11D3-BF4B-00C04F79EFBC}") = "Bec.TargetFramework.Entities", "Shared\Bec.TargetFramework.Entities\Bec.TargetFramework.Entities.csproj", "{596DCD71-078B-4875-A8E2-CDA10F90920E}"
EndProject
Project("{FAE04EC0-301F-11D3-BF4B-00C04F79EFBC}") = "Bec.TargetFramework.Infrastructure", "Shared\Bec.TargetFramework.Infrastructure\Bec.TargetFramework.Infrastructure.csproj", "{60FFC9DB-218A-4D15-932F-1EE535D930C1}"
EndProject
Project("{FAE04EC0-301F-11D3-BF4B-00C04F79EFBC}") = "Bec.TargetFramework.Security", "Shared\Bec.TargetFramework.Security\Bec.TargetFramework.Security.csproj", "{B9A79FD2-4E5F-4153-B277-27EBFC74FC4F}"
EndProject
Project("{FAE04EC0-301F-11D3-BF4B-00C04F79EFBC}") = "Bec.TargetFramework.Data", "Data\Bec.TargetFramework.Data\Bec.TargetFramework.Data.csproj", "{F050FC5D-C63C-4453-A98E-C3DB7D0F255A}"
EndProject
Project("{FAE04EC0-301F-11D3-BF4B-00C04F79EFBC}") = "Bec.TargetFramework.Data.Infrastructure", "Data\Bec.TargetFramework.Data.Infrastructure\Bec.TargetFramework.Data.Infrastructure.csproj", "{54D394C4-AB61-4F76-B312-57B6E4588852}"
EndProject
Project("{FAE04EC0-301F-11D3-BF4B-00C04F79EFBC}") = "Bec.TargetFramework.Services", "Service\Bec.TargetFramework.Services\Bec.TargetFramework.Services.csproj", "{176321FB-B20B-4524-9084-306F32D6B168}"
EndProject
Project("{FAE04EC0-301F-11D3-BF4B-00C04F79EFBC}") = "Bec.TargetFramework.Services.Contracts", "Service\Bec.TargetFramework.Services.Contracts\Bec.TargetFramework.Services.Contracts.csproj", "{25EB3D9E-AFDD-4B36-94BC-D672295C2701}"
EndProject
Project("{2150E333-8FDC-42A3-9474-1A3956D46DE8}") = "Hosts", "Hosts", "{68A84D7E-CA31-4900-B92B-C32590526B7C}"
EndProject
Project("{2150E333-8FDC-42A3-9474-1A3956D46DE8}") = "External", "External", "{61DD8810-FF1B-45FB-BD83-8ADD3A7E8976}"
EndProject
Project("{FAE04EC0-301F-11D3-BF4B-00C04F79EFBC}") = "BrockAllen.MembershipReboot", "External\BrockAllen.MembershipReboot-master\src\BrockAllen.MembershipReboot\BrockAllen.MembershipReboot.csproj", "{A33FE01F-AE9B-4BDE-B521-AB13916B1CFA}"
EndProject
Project("{FAE04EC0-301F-11D3-BF4B-00C04F79EFBC}") = "BrockAllen.MembershipReboot.Ef", "External\BrockAllen.MembershipReboot-master\src\BrockAllen.MembershipReboot.Ef\BrockAllen.MembershipReboot.Ef.csproj", "{453C8A9D-72AA-4F8D-9354-8B0F57F2B58A}"
EndProject
Project("{FAE04EC0-301F-11D3-BF4B-00C04F79EFBC}") = "BrockAllen.MembershipReboot.WebHost", "External\BrockAllen.MembershipReboot-master\src\BrockAllen.MembershipReboot.WebHost\BrockAllen.MembershipReboot.WebHost.csproj", "{754AE1B9-11D0-4270-98C7-8DA69B150860}"
EndProject
Project("{2150E333-8FDC-42A3-9474-1A3956D46DE8}") = ".nuget", ".nuget", "{7CBC04D2-150B-4057-8F25-6279FEA074D0}"
	ProjectSection(SolutionItems) = preProject
		.nuget\NuGet.Config = .nuget\NuGet.Config
		.nuget\NuGet.exe = .nuget\NuGet.exe
		.nuget\NuGet.targets = .nuget\NuGet.targets
	EndProjectSection
EndProject
Project("{2150E333-8FDC-42A3-9474-1A3956D46DE8}") = "Workflow", "Workflow", "{56CCDC05-B10F-4804-9012-988D231A858F}"
EndProject
Project("{FAE04EC0-301F-11D3-BF4B-00C04F79EFBC}") = "Bec.TargetFramework.Hosts.BusinessService", "Hosts\Bec.TargetFramework.Hosts.BusinessService\Bec.TargetFramework.Hosts.BusinessService.csproj", "{FFA3DDD3-A1F8-4BF0-92B3-272FD8CE3765}"
EndProject
Project("{2150E333-8FDC-42A3-9474-1A3956D46DE8}") = "SB", "SB", "{D41EC1D0-2E2F-48E2-9983-A16C30A9AFCE}"
EndProject
Project("{FAE04EC0-301F-11D3-BF4B-00C04F79EFBC}") = "Bec.TargetFramework.SB.Messages", "SB\Bec.TargetFramework.SB.Messages\Bec.TargetFramework.SB.Messages.csproj", "{DCF731C2-85EE-46FD-9E4C-E38DF52BDEA1}"
EndProject
Project("{FAE04EC0-301F-11D3-BF4B-00C04F79EFBC}") = "Bec.TargetFramework.SB.NotificationServices", "SB\Bec.TargetFramework.SB.NotificationServices\Bec.TargetFramework.SB.NotificationServices.csproj", "{2D4B501E-C25D-40B4-8DA4-C69685A87CB1}"
EndProject
Project("{FAE04EC0-301F-11D3-BF4B-00C04F79EFBC}") = "Bec.TargetFramework.SB.TaskServices", "SB\Bec.TargetFramework.SB.TaskServices\Bec.TargetFramework.SB.TaskServices.csproj", "{A3E92056-1E79-4FD4-9B76-88E32FA29558}"
EndProject
Project("{FAE04EC0-301F-11D3-BF4B-00C04F79EFBC}") = "Bec.TargetFramework.Infrastructure.CouchBaseCache", "Shared\Bec.TargetFramework.Infrastructure.CouchBaseCache\Bec.TargetFramework.Infrastructure.CouchBaseCache.csproj", "{37066C39-DF25-497A-BDA4-438DFB32FD78}"
EndProject
Project("{FAE04EC0-301F-11D3-BF4B-00C04F79EFBC}") = "Bec.TargetFramework.SB.Notifications", "SB\Bec.TargetFramework.SB.Notifications\Bec.TargetFramework.SB.Notifications.csproj", "{83D439EC-4776-4E6C-A697-971C0AD388C5}"
EndProject
Project("{FAE04EC0-301F-11D3-BF4B-00C04F79EFBC}") = "Bec.TargetFramework.Aop", "Bec.TargetFramework.Aop\Bec.TargetFramework.Aop.csproj", "{CA898625-EC6F-4835-B02E-1C89D7C975DB}"
EndProject
Project("{FAE04EC0-301F-11D3-BF4B-00C04F79EFBC}") = "Bec.TargetFramework.SB.Interfaces", "SB\Bec.TargetFramework.SB.Interfaces\Bec.TargetFramework.SB.Interfaces.csproj", "{DE97E066-2B1D-4CD5-9BBA-3DB1508EA1D7}"
EndProject
Project("{FAE04EC0-301F-11D3-BF4B-00C04F79EFBC}") = "Bec.TargetFramework.SB.Infrastructure", "SB\Bec.TargetFramework.SB.Infrastructure\Bec.TargetFramework.SB.Infrastructure.csproj", "{09E721B5-6DE8-4A7B-B66E-4149B4B38296}"
EndProject
Project("{FAE04EC0-301F-11D3-BF4B-00C04F79EFBC}") = "Bec.TargetFramework.SB.TaskHandlers", "SB\Bec.TargetFramework.SB.TaskHandlers\Bec.TargetFramework.SB.TaskHandlers.csproj", "{3507E031-9C50-4D11-882A-8CEB5E2EA71A}"
EndProject
Project("{FAE04EC0-301F-11D3-BF4B-00C04F79EFBC}") = "Bec.TargetFramework.Infrastructure.Serilog", "Shared\Bec.TargetFramework.Infrastructure.Serilog\Bec.TargetFramework.Infrastructure.Serilog.csproj", "{47E8B5C9-9CB2-41DC-BF30-219E9682425D}"
EndProject
Project("{FAE04EC0-301F-11D3-BF4B-00C04F79EFBC}") = "FluentValidation.Mvc5", "External\FluentValidation\FluentValidation.Mvc5\FluentValidation.Mvc5.csproj", "{23E384EF-5A39-4D73-A8D5-EF48C71C128F}"
EndProject
Project("{FAE04EC0-301F-11D3-BF4B-00C04F79EFBC}") = "FluentValidation", "External\FluentValidation\FluentValidation\FluentValidation.csproj", "{DAE0249B-4F69-4AC9-9A17-AA23E0795316}"
EndProject
Project("{2150E333-8FDC-42A3-9474-1A3956D46DE8}") = "Database", "Database", "{CD02E04B-CE5B-46AD-9611-46229B674DB0}"
EndProject
Project("{FAE04EC0-301F-11D3-BF4B-00C04F79EFBC}") = "Bec.TargetFramework.DatabaseScripts", "Bec.TargetFramework.DatabaseScripts\Bec.TargetFramework.DatabaseScripts.csproj", "{B6FAEBE0-F65C-4154-93AC-D57789C0537C}"
EndProject
Project("{FAE04EC0-301F-11D3-BF4B-00C04F79EFBC}") = "Bec.TargetFramework.Hosts.Infrastructure", "Hosts\Bec.TargetFramework.Hosts.Infrastructure\Bec.TargetFramework.Hosts.Infrastructure.csproj", "{B624C199-F9ED-4E71-9DD8-D4153840390F}"
EndProject
Project("{FAE04EC0-301F-11D3-BF4B-00C04F79EFBC}") = "Bec.TargetFramework.Infrastructure.Test", "Shared\Bec.TargetFramework.Infrastructure.Test\Bec.TargetFramework.Infrastructure.Test.csproj", "{6ADE87AC-9E25-48B1-B0BF-333BF0F25418}"
EndProject
Project("{2150E333-8FDC-42A3-9474-1A3956D46DE8}") = "Solution Items", "Solution Items", "{8F80960C-A9A8-473E-8ACB-F46EA16463B5}"
	ProjectSection(SolutionItems) = preProject
		TestSettings1.testsettings = TestSettings1.testsettings
	EndProjectSection
EndProject
Project("{2150E333-8FDC-42A3-9474-1A3956D46DE8}") = "Tools", "Tools", "{AF01EE03-5893-486B-AB8A-CA19ADDE01B3}"
EndProject
Project("{FAE04EC0-301F-11D3-BF4B-00C04F79EFBC}") = "EnumGenerator", "Tools\EnumGenerator\EnumGenerator.csproj", "{E52CA00D-DDEA-4131-A02B-AE618B38326C}"
EndProject
Project("{FAE04EC0-301F-11D3-BF4B-00C04F79EFBC}") = "Bec.TargetFramework.Presentation.Web", "Presentation\Bec.TargetFramework.Presentation.Web\Bec.TargetFramework.Presentation.Web.csproj", "{E44AEEBD-2F10-4C7F-9577-3BCDCF0ADE82}"
EndProject
Project("{FAE04EC0-301F-11D3-BF4B-00C04F79EFBC}") = "Bec.TargetFramework.SB.Data", "SB\Bec.TargetFramework.SB.Data\Bec.TargetFramework.SB.Data.csproj", "{DF0B93F6-EFBB-43FC-AF47-A75BF771D110}"
EndProject
Project("{FAE04EC0-301F-11D3-BF4B-00C04F79EFBC}") = "Bec.TargetFramework.SB.Entities", "SB\Bec.TargetFramework.SB.Entities\Bec.TargetFramework.SB.Entities.csproj", "{90C7DDD5-CC14-411E-99FE-B2515BCF6AA1}"
EndProject
Project("{FAE04EC0-301F-11D3-BF4B-00C04F79EFBC}") = "Bec.TargetFramework.SB.Hosts.SBService", "SB\Bec.TargetFramework.SB.Hosts.SBService\Bec.TargetFramework.SB.Hosts.SBService.csproj", "{575F97EF-6442-4D06-BB7E-490AE110D504}"
EndProject
Project("{FAE04EC0-301F-11D3-BF4B-00C04F79EFBC}") = "Bec.TargetFramework.SB.Client", "SB\Bec.TargetFramework.SB.Client\Bec.TargetFramework.SB.Client.csproj", "{E4E0ED10-111E-4B5C-BB6F-07F2ECCB30AE}"
EndProject
Project("{FAE04EC0-301F-11D3-BF4B-00C04F79EFBC}") = "Bec.TargetFramework.SB.Tests", "SB\Bec.TargetFramework.SB.Tests\Bec.TargetFramework.SB.Tests.csproj", "{9B5CEA3D-E269-49C0-96B7-5CDA9C9FF997}"
EndProject
Project("{FAE04EC0-301F-11D3-BF4B-00C04F79EFBC}") = "WebApiProxy.Core", "External\WebApiProxy-master\WebApiProxy.Core\WebApiProxy.Core.csproj", "{94508206-8537-4088-923B-E7FCB0539903}"
EndProject
Project("{FAE04EC0-301F-11D3-BF4B-00C04F79EFBC}") = "WebApiProxy.Server", "External\WebApiProxy-master\WebApiProxy.Server\WebApiProxy.Server.csproj", "{4E5B8C2F-9008-4A17-ABD1-A92E046C6A1E}"
EndProject
Project("{FAE04EC0-301F-11D3-BF4B-00C04F79EFBC}") = "WebApiProxy.Tasks", "External\WebApiProxy-master\WebApiProxy.Tasks\WebApiProxy.Tasks.csproj", "{A635DE23-DDC1-43ED-BC5D-D49B7E8A4355}"
EndProject
Project("{FAE04EC0-301F-11D3-BF4B-00C04F79EFBC}") = "Bec.TargetFramework.Business.Client", "Business\Bec.TargetFramework.Business.Client\Bec.TargetFramework.Business.Client.csproj", "{CF410EAB-4608-4239-BFF9-9A729DA9FBB5}"
EndProject
Project("{FAE04EC0-301F-11D3-BF4B-00C04F79EFBC}") = "Bec.TargetFramework.SB.Infrastructure.Quartz", "SB\Bec.TargetFramework.SB.Infrastructure.Quartz\Bec.TargetFramework.SB.Infrastructure.Quartz.csproj", "{AFB811AE-7881-4A2A-AAC4-C52424300199}"
EndProject
Global
	GlobalSection(SolutionConfigurationPlatforms) = preSolution
		Debug|Any CPU = Debug|Any CPU
		Debug|Mixed Platforms = Debug|Mixed Platforms
		Debug|x86 = Debug|x86
		Release|Any CPU = Release|Any CPU
		Release|Mixed Platforms = Release|Mixed Platforms
		Release|x86 = Release|x86
	EndGlobalSection
	GlobalSection(ProjectConfigurationPlatforms) = postSolution
		{5F3A6F4F-CA28-467F-BACD-5979F9190BAE}.Debug|Any CPU.ActiveCfg = Debug|Any CPU
		{5F3A6F4F-CA28-467F-BACD-5979F9190BAE}.Debug|Any CPU.Build.0 = Debug|Any CPU
		{5F3A6F4F-CA28-467F-BACD-5979F9190BAE}.Debug|Mixed Platforms.ActiveCfg = Debug|Any CPU
		{5F3A6F4F-CA28-467F-BACD-5979F9190BAE}.Debug|Mixed Platforms.Build.0 = Debug|Any CPU
		{5F3A6F4F-CA28-467F-BACD-5979F9190BAE}.Debug|x86.ActiveCfg = Debug|Any CPU
		{5F3A6F4F-CA28-467F-BACD-5979F9190BAE}.Release|Any CPU.ActiveCfg = Release|Any CPU
		{5F3A6F4F-CA28-467F-BACD-5979F9190BAE}.Release|Any CPU.Build.0 = Release|Any CPU
		{5F3A6F4F-CA28-467F-BACD-5979F9190BAE}.Release|Mixed Platforms.ActiveCfg = Release|Any CPU
		{5F3A6F4F-CA28-467F-BACD-5979F9190BAE}.Release|Mixed Platforms.Build.0 = Release|Any CPU
		{5F3A6F4F-CA28-467F-BACD-5979F9190BAE}.Release|x86.ActiveCfg = Release|Any CPU
		{596DCD71-078B-4875-A8E2-CDA10F90920E}.Debug|Any CPU.ActiveCfg = Debug|Any CPU
		{596DCD71-078B-4875-A8E2-CDA10F90920E}.Debug|Any CPU.Build.0 = Debug|Any CPU
		{596DCD71-078B-4875-A8E2-CDA10F90920E}.Debug|Mixed Platforms.ActiveCfg = Debug|Any CPU
		{596DCD71-078B-4875-A8E2-CDA10F90920E}.Debug|Mixed Platforms.Build.0 = Debug|Any CPU
		{596DCD71-078B-4875-A8E2-CDA10F90920E}.Debug|x86.ActiveCfg = Debug|Any CPU
		{596DCD71-078B-4875-A8E2-CDA10F90920E}.Release|Any CPU.ActiveCfg = Release|Any CPU
		{596DCD71-078B-4875-A8E2-CDA10F90920E}.Release|Any CPU.Build.0 = Release|Any CPU
		{596DCD71-078B-4875-A8E2-CDA10F90920E}.Release|Mixed Platforms.ActiveCfg = Release|Any CPU
		{596DCD71-078B-4875-A8E2-CDA10F90920E}.Release|Mixed Platforms.Build.0 = Release|Any CPU
		{596DCD71-078B-4875-A8E2-CDA10F90920E}.Release|x86.ActiveCfg = Release|Any CPU
		{60FFC9DB-218A-4D15-932F-1EE535D930C1}.Debug|Any CPU.ActiveCfg = Debug|Any CPU
		{60FFC9DB-218A-4D15-932F-1EE535D930C1}.Debug|Any CPU.Build.0 = Debug|Any CPU
		{60FFC9DB-218A-4D15-932F-1EE535D930C1}.Debug|Mixed Platforms.ActiveCfg = Debug|Any CPU
		{60FFC9DB-218A-4D15-932F-1EE535D930C1}.Debug|Mixed Platforms.Build.0 = Debug|Any CPU
		{60FFC9DB-218A-4D15-932F-1EE535D930C1}.Debug|x86.ActiveCfg = Debug|Any CPU
		{60FFC9DB-218A-4D15-932F-1EE535D930C1}.Release|Any CPU.ActiveCfg = Release|Any CPU
		{60FFC9DB-218A-4D15-932F-1EE535D930C1}.Release|Any CPU.Build.0 = Release|Any CPU
		{60FFC9DB-218A-4D15-932F-1EE535D930C1}.Release|Mixed Platforms.ActiveCfg = Release|Any CPU
		{60FFC9DB-218A-4D15-932F-1EE535D930C1}.Release|Mixed Platforms.Build.0 = Release|Any CPU
		{60FFC9DB-218A-4D15-932F-1EE535D930C1}.Release|x86.ActiveCfg = Release|Any CPU
		{B9A79FD2-4E5F-4153-B277-27EBFC74FC4F}.Debug|Any CPU.ActiveCfg = Debug|Any CPU
		{B9A79FD2-4E5F-4153-B277-27EBFC74FC4F}.Debug|Any CPU.Build.0 = Debug|Any CPU
		{B9A79FD2-4E5F-4153-B277-27EBFC74FC4F}.Debug|Mixed Platforms.ActiveCfg = Debug|Any CPU
		{B9A79FD2-4E5F-4153-B277-27EBFC74FC4F}.Debug|Mixed Platforms.Build.0 = Debug|Any CPU
		{B9A79FD2-4E5F-4153-B277-27EBFC74FC4F}.Debug|x86.ActiveCfg = Debug|Any CPU
		{B9A79FD2-4E5F-4153-B277-27EBFC74FC4F}.Release|Any CPU.ActiveCfg = Release|Any CPU
		{B9A79FD2-4E5F-4153-B277-27EBFC74FC4F}.Release|Any CPU.Build.0 = Release|Any CPU
		{B9A79FD2-4E5F-4153-B277-27EBFC74FC4F}.Release|Mixed Platforms.ActiveCfg = Release|Any CPU
		{B9A79FD2-4E5F-4153-B277-27EBFC74FC4F}.Release|Mixed Platforms.Build.0 = Release|Any CPU
		{B9A79FD2-4E5F-4153-B277-27EBFC74FC4F}.Release|x86.ActiveCfg = Release|Any CPU
		{F050FC5D-C63C-4453-A98E-C3DB7D0F255A}.Debug|Any CPU.ActiveCfg = Debug|Any CPU
		{F050FC5D-C63C-4453-A98E-C3DB7D0F255A}.Debug|Any CPU.Build.0 = Debug|Any CPU
		{F050FC5D-C63C-4453-A98E-C3DB7D0F255A}.Debug|Mixed Platforms.ActiveCfg = Debug|Any CPU
		{F050FC5D-C63C-4453-A98E-C3DB7D0F255A}.Debug|Mixed Platforms.Build.0 = Debug|Any CPU
		{F050FC5D-C63C-4453-A98E-C3DB7D0F255A}.Debug|x86.ActiveCfg = Debug|Any CPU
		{F050FC5D-C63C-4453-A98E-C3DB7D0F255A}.Release|Any CPU.ActiveCfg = Release|Any CPU
		{F050FC5D-C63C-4453-A98E-C3DB7D0F255A}.Release|Any CPU.Build.0 = Release|Any CPU
		{F050FC5D-C63C-4453-A98E-C3DB7D0F255A}.Release|Mixed Platforms.ActiveCfg = Release|Any CPU
		{F050FC5D-C63C-4453-A98E-C3DB7D0F255A}.Release|Mixed Platforms.Build.0 = Release|Any CPU
		{F050FC5D-C63C-4453-A98E-C3DB7D0F255A}.Release|x86.ActiveCfg = Release|Any CPU
		{54D394C4-AB61-4F76-B312-57B6E4588852}.Debug|Any CPU.ActiveCfg = Debug|Any CPU
		{54D394C4-AB61-4F76-B312-57B6E4588852}.Debug|Any CPU.Build.0 = Debug|Any CPU
		{54D394C4-AB61-4F76-B312-57B6E4588852}.Debug|Mixed Platforms.ActiveCfg = Debug|Any CPU
		{54D394C4-AB61-4F76-B312-57B6E4588852}.Debug|Mixed Platforms.Build.0 = Debug|Any CPU
		{54D394C4-AB61-4F76-B312-57B6E4588852}.Debug|x86.ActiveCfg = Debug|Any CPU
		{54D394C4-AB61-4F76-B312-57B6E4588852}.Release|Any CPU.ActiveCfg = Release|Any CPU
		{54D394C4-AB61-4F76-B312-57B6E4588852}.Release|Any CPU.Build.0 = Release|Any CPU
		{54D394C4-AB61-4F76-B312-57B6E4588852}.Release|Mixed Platforms.ActiveCfg = Release|Any CPU
		{54D394C4-AB61-4F76-B312-57B6E4588852}.Release|Mixed Platforms.Build.0 = Release|Any CPU
		{54D394C4-AB61-4F76-B312-57B6E4588852}.Release|x86.ActiveCfg = Release|Any CPU
		{176321FB-B20B-4524-9084-306F32D6B168}.Debug|Any CPU.ActiveCfg = Debug|Any CPU
		{176321FB-B20B-4524-9084-306F32D6B168}.Debug|Any CPU.Build.0 = Debug|Any CPU
		{176321FB-B20B-4524-9084-306F32D6B168}.Debug|Mixed Platforms.ActiveCfg = Debug|Any CPU
		{176321FB-B20B-4524-9084-306F32D6B168}.Debug|Mixed Platforms.Build.0 = Debug|Any CPU
		{176321FB-B20B-4524-9084-306F32D6B168}.Debug|x86.ActiveCfg = Debug|Any CPU
		{176321FB-B20B-4524-9084-306F32D6B168}.Release|Any CPU.ActiveCfg = Release|Any CPU
		{176321FB-B20B-4524-9084-306F32D6B168}.Release|Any CPU.Build.0 = Release|Any CPU
		{176321FB-B20B-4524-9084-306F32D6B168}.Release|Mixed Platforms.ActiveCfg = Release|Any CPU
		{176321FB-B20B-4524-9084-306F32D6B168}.Release|Mixed Platforms.Build.0 = Release|Any CPU
		{176321FB-B20B-4524-9084-306F32D6B168}.Release|x86.ActiveCfg = Release|Any CPU
		{25EB3D9E-AFDD-4B36-94BC-D672295C2701}.Debug|Any CPU.ActiveCfg = Debug|Any CPU
		{25EB3D9E-AFDD-4B36-94BC-D672295C2701}.Debug|Any CPU.Build.0 = Debug|Any CPU
		{25EB3D9E-AFDD-4B36-94BC-D672295C2701}.Debug|Mixed Platforms.ActiveCfg = Debug|Any CPU
		{25EB3D9E-AFDD-4B36-94BC-D672295C2701}.Debug|Mixed Platforms.Build.0 = Debug|Any CPU
		{25EB3D9E-AFDD-4B36-94BC-D672295C2701}.Debug|x86.ActiveCfg = Debug|Any CPU
		{25EB3D9E-AFDD-4B36-94BC-D672295C2701}.Release|Any CPU.ActiveCfg = Release|Any CPU
		{25EB3D9E-AFDD-4B36-94BC-D672295C2701}.Release|Any CPU.Build.0 = Release|Any CPU
		{25EB3D9E-AFDD-4B36-94BC-D672295C2701}.Release|Mixed Platforms.ActiveCfg = Release|Any CPU
		{25EB3D9E-AFDD-4B36-94BC-D672295C2701}.Release|Mixed Platforms.Build.0 = Release|Any CPU
		{25EB3D9E-AFDD-4B36-94BC-D672295C2701}.Release|x86.ActiveCfg = Release|Any CPU
		{A33FE01F-AE9B-4BDE-B521-AB13916B1CFA}.Debug|Any CPU.ActiveCfg = Debug|Any CPU
		{A33FE01F-AE9B-4BDE-B521-AB13916B1CFA}.Debug|Any CPU.Build.0 = Debug|Any CPU
		{A33FE01F-AE9B-4BDE-B521-AB13916B1CFA}.Debug|Mixed Platforms.ActiveCfg = Debug|Any CPU
		{A33FE01F-AE9B-4BDE-B521-AB13916B1CFA}.Debug|Mixed Platforms.Build.0 = Debug|Any CPU
		{A33FE01F-AE9B-4BDE-B521-AB13916B1CFA}.Debug|x86.ActiveCfg = Debug|Any CPU
		{A33FE01F-AE9B-4BDE-B521-AB13916B1CFA}.Release|Any CPU.ActiveCfg = Release|Any CPU
		{A33FE01F-AE9B-4BDE-B521-AB13916B1CFA}.Release|Any CPU.Build.0 = Release|Any CPU
		{A33FE01F-AE9B-4BDE-B521-AB13916B1CFA}.Release|Mixed Platforms.ActiveCfg = Release|Any CPU
		{A33FE01F-AE9B-4BDE-B521-AB13916B1CFA}.Release|Mixed Platforms.Build.0 = Release|Any CPU
		{A33FE01F-AE9B-4BDE-B521-AB13916B1CFA}.Release|x86.ActiveCfg = Release|Any CPU
		{453C8A9D-72AA-4F8D-9354-8B0F57F2B58A}.Debug|Any CPU.ActiveCfg = Debug|Any CPU
		{453C8A9D-72AA-4F8D-9354-8B0F57F2B58A}.Debug|Any CPU.Build.0 = Debug|Any CPU
		{453C8A9D-72AA-4F8D-9354-8B0F57F2B58A}.Debug|Mixed Platforms.ActiveCfg = Debug|Any CPU
		{453C8A9D-72AA-4F8D-9354-8B0F57F2B58A}.Debug|Mixed Platforms.Build.0 = Debug|Any CPU
		{453C8A9D-72AA-4F8D-9354-8B0F57F2B58A}.Debug|x86.ActiveCfg = Debug|Any CPU
		{453C8A9D-72AA-4F8D-9354-8B0F57F2B58A}.Release|Any CPU.ActiveCfg = Release|Any CPU
		{453C8A9D-72AA-4F8D-9354-8B0F57F2B58A}.Release|Any CPU.Build.0 = Release|Any CPU
		{453C8A9D-72AA-4F8D-9354-8B0F57F2B58A}.Release|Mixed Platforms.ActiveCfg = Release|Any CPU
		{453C8A9D-72AA-4F8D-9354-8B0F57F2B58A}.Release|Mixed Platforms.Build.0 = Release|Any CPU
		{453C8A9D-72AA-4F8D-9354-8B0F57F2B58A}.Release|x86.ActiveCfg = Release|Any CPU
		{754AE1B9-11D0-4270-98C7-8DA69B150860}.Debug|Any CPU.ActiveCfg = Debug|Any CPU
		{754AE1B9-11D0-4270-98C7-8DA69B150860}.Debug|Any CPU.Build.0 = Debug|Any CPU
		{754AE1B9-11D0-4270-98C7-8DA69B150860}.Debug|Mixed Platforms.ActiveCfg = Debug|Any CPU
		{754AE1B9-11D0-4270-98C7-8DA69B150860}.Debug|Mixed Platforms.Build.0 = Debug|Any CPU
		{754AE1B9-11D0-4270-98C7-8DA69B150860}.Debug|x86.ActiveCfg = Debug|Any CPU
		{754AE1B9-11D0-4270-98C7-8DA69B150860}.Release|Any CPU.ActiveCfg = Release|Any CPU
		{754AE1B9-11D0-4270-98C7-8DA69B150860}.Release|Any CPU.Build.0 = Release|Any CPU
		{754AE1B9-11D0-4270-98C7-8DA69B150860}.Release|Mixed Platforms.ActiveCfg = Release|Any CPU
		{754AE1B9-11D0-4270-98C7-8DA69B150860}.Release|Mixed Platforms.Build.0 = Release|Any CPU
		{754AE1B9-11D0-4270-98C7-8DA69B150860}.Release|x86.ActiveCfg = Release|Any CPU
		{FFA3DDD3-A1F8-4BF0-92B3-272FD8CE3765}.Debug|Any CPU.ActiveCfg = Debug|Any CPU
		{FFA3DDD3-A1F8-4BF0-92B3-272FD8CE3765}.Debug|Any CPU.Build.0 = Debug|Any CPU
		{FFA3DDD3-A1F8-4BF0-92B3-272FD8CE3765}.Debug|Mixed Platforms.ActiveCfg = Debug|Any CPU
		{FFA3DDD3-A1F8-4BF0-92B3-272FD8CE3765}.Debug|Mixed Platforms.Build.0 = Debug|Any CPU
		{FFA3DDD3-A1F8-4BF0-92B3-272FD8CE3765}.Debug|x86.ActiveCfg = Debug|Any CPU
		{FFA3DDD3-A1F8-4BF0-92B3-272FD8CE3765}.Release|Any CPU.ActiveCfg = Release|Any CPU
		{FFA3DDD3-A1F8-4BF0-92B3-272FD8CE3765}.Release|Any CPU.Build.0 = Release|Any CPU
		{FFA3DDD3-A1F8-4BF0-92B3-272FD8CE3765}.Release|Mixed Platforms.ActiveCfg = Release|Any CPU
		{FFA3DDD3-A1F8-4BF0-92B3-272FD8CE3765}.Release|Mixed Platforms.Build.0 = Release|Any CPU
		{FFA3DDD3-A1F8-4BF0-92B3-272FD8CE3765}.Release|x86.ActiveCfg = Release|Any CPU
		{DCF731C2-85EE-46FD-9E4C-E38DF52BDEA1}.Debug|Any CPU.ActiveCfg = Debug|Any CPU
		{DCF731C2-85EE-46FD-9E4C-E38DF52BDEA1}.Debug|Any CPU.Build.0 = Debug|Any CPU
		{DCF731C2-85EE-46FD-9E4C-E38DF52BDEA1}.Debug|Mixed Platforms.ActiveCfg = Debug|Any CPU
		{DCF731C2-85EE-46FD-9E4C-E38DF52BDEA1}.Debug|Mixed Platforms.Build.0 = Debug|Any CPU
		{DCF731C2-85EE-46FD-9E4C-E38DF52BDEA1}.Debug|x86.ActiveCfg = Debug|Any CPU
		{DCF731C2-85EE-46FD-9E4C-E38DF52BDEA1}.Release|Any CPU.ActiveCfg = Release|Any CPU
		{DCF731C2-85EE-46FD-9E4C-E38DF52BDEA1}.Release|Any CPU.Build.0 = Release|Any CPU
		{DCF731C2-85EE-46FD-9E4C-E38DF52BDEA1}.Release|Mixed Platforms.ActiveCfg = Release|Any CPU
		{DCF731C2-85EE-46FD-9E4C-E38DF52BDEA1}.Release|Mixed Platforms.Build.0 = Release|Any CPU
		{DCF731C2-85EE-46FD-9E4C-E38DF52BDEA1}.Release|x86.ActiveCfg = Release|Any CPU
		{2D4B501E-C25D-40B4-8DA4-C69685A87CB1}.Debug|Any CPU.ActiveCfg = Debug|Any CPU
		{2D4B501E-C25D-40B4-8DA4-C69685A87CB1}.Debug|Any CPU.Build.0 = Debug|Any CPU
		{2D4B501E-C25D-40B4-8DA4-C69685A87CB1}.Debug|Mixed Platforms.ActiveCfg = Debug|Any CPU
		{2D4B501E-C25D-40B4-8DA4-C69685A87CB1}.Debug|Mixed Platforms.Build.0 = Debug|Any CPU
		{2D4B501E-C25D-40B4-8DA4-C69685A87CB1}.Debug|x86.ActiveCfg = Debug|Any CPU
		{2D4B501E-C25D-40B4-8DA4-C69685A87CB1}.Release|Any CPU.ActiveCfg = Release|Any CPU
		{2D4B501E-C25D-40B4-8DA4-C69685A87CB1}.Release|Any CPU.Build.0 = Release|Any CPU
		{2D4B501E-C25D-40B4-8DA4-C69685A87CB1}.Release|Mixed Platforms.ActiveCfg = Release|Any CPU
		{2D4B501E-C25D-40B4-8DA4-C69685A87CB1}.Release|Mixed Platforms.Build.0 = Release|Any CPU
		{2D4B501E-C25D-40B4-8DA4-C69685A87CB1}.Release|x86.ActiveCfg = Release|Any CPU
		{A3E92056-1E79-4FD4-9B76-88E32FA29558}.Debug|Any CPU.ActiveCfg = Debug|Any CPU
		{A3E92056-1E79-4FD4-9B76-88E32FA29558}.Debug|Any CPU.Build.0 = Debug|Any CPU
		{A3E92056-1E79-4FD4-9B76-88E32FA29558}.Debug|Mixed Platforms.ActiveCfg = Debug|Any CPU
		{A3E92056-1E79-4FD4-9B76-88E32FA29558}.Debug|Mixed Platforms.Build.0 = Debug|Any CPU
		{A3E92056-1E79-4FD4-9B76-88E32FA29558}.Debug|x86.ActiveCfg = Debug|Any CPU
		{A3E92056-1E79-4FD4-9B76-88E32FA29558}.Release|Any CPU.ActiveCfg = Release|Any CPU
		{A3E92056-1E79-4FD4-9B76-88E32FA29558}.Release|Any CPU.Build.0 = Release|Any CPU
		{A3E92056-1E79-4FD4-9B76-88E32FA29558}.Release|Mixed Platforms.ActiveCfg = Release|Any CPU
		{A3E92056-1E79-4FD4-9B76-88E32FA29558}.Release|Mixed Platforms.Build.0 = Release|Any CPU
		{A3E92056-1E79-4FD4-9B76-88E32FA29558}.Release|x86.ActiveCfg = Release|Any CPU
		{37066C39-DF25-497A-BDA4-438DFB32FD78}.Debug|Any CPU.ActiveCfg = Debug|Any CPU
		{37066C39-DF25-497A-BDA4-438DFB32FD78}.Debug|Any CPU.Build.0 = Debug|Any CPU
		{37066C39-DF25-497A-BDA4-438DFB32FD78}.Debug|Mixed Platforms.ActiveCfg = Debug|Any CPU
		{37066C39-DF25-497A-BDA4-438DFB32FD78}.Debug|Mixed Platforms.Build.0 = Debug|Any CPU
		{37066C39-DF25-497A-BDA4-438DFB32FD78}.Debug|x86.ActiveCfg = Debug|Any CPU
		{37066C39-DF25-497A-BDA4-438DFB32FD78}.Release|Any CPU.ActiveCfg = Release|Any CPU
		{37066C39-DF25-497A-BDA4-438DFB32FD78}.Release|Any CPU.Build.0 = Release|Any CPU
		{37066C39-DF25-497A-BDA4-438DFB32FD78}.Release|Mixed Platforms.ActiveCfg = Release|Any CPU
		{37066C39-DF25-497A-BDA4-438DFB32FD78}.Release|Mixed Platforms.Build.0 = Release|Any CPU
		{37066C39-DF25-497A-BDA4-438DFB32FD78}.Release|x86.ActiveCfg = Release|Any CPU
		{83D439EC-4776-4E6C-A697-971C0AD388C5}.Debug|Any CPU.ActiveCfg = Debug|Any CPU
		{83D439EC-4776-4E6C-A697-971C0AD388C5}.Debug|Any CPU.Build.0 = Debug|Any CPU
		{83D439EC-4776-4E6C-A697-971C0AD388C5}.Debug|Mixed Platforms.ActiveCfg = Debug|Any CPU
		{83D439EC-4776-4E6C-A697-971C0AD388C5}.Debug|Mixed Platforms.Build.0 = Debug|Any CPU
		{83D439EC-4776-4E6C-A697-971C0AD388C5}.Debug|x86.ActiveCfg = Debug|Any CPU
		{83D439EC-4776-4E6C-A697-971C0AD388C5}.Release|Any CPU.ActiveCfg = Release|Any CPU
		{83D439EC-4776-4E6C-A697-971C0AD388C5}.Release|Any CPU.Build.0 = Release|Any CPU
		{83D439EC-4776-4E6C-A697-971C0AD388C5}.Release|Mixed Platforms.ActiveCfg = Release|Any CPU
		{83D439EC-4776-4E6C-A697-971C0AD388C5}.Release|Mixed Platforms.Build.0 = Release|Any CPU
		{83D439EC-4776-4E6C-A697-971C0AD388C5}.Release|x86.ActiveCfg = Release|Any CPU
		{CA898625-EC6F-4835-B02E-1C89D7C975DB}.Debug|Any CPU.ActiveCfg = Debug|Any CPU
		{CA898625-EC6F-4835-B02E-1C89D7C975DB}.Debug|Any CPU.Build.0 = Debug|Any CPU
		{CA898625-EC6F-4835-B02E-1C89D7C975DB}.Debug|Mixed Platforms.ActiveCfg = Debug|Any CPU
		{CA898625-EC6F-4835-B02E-1C89D7C975DB}.Debug|Mixed Platforms.Build.0 = Debug|Any CPU
		{CA898625-EC6F-4835-B02E-1C89D7C975DB}.Debug|x86.ActiveCfg = Debug|Any CPU
		{CA898625-EC6F-4835-B02E-1C89D7C975DB}.Release|Any CPU.ActiveCfg = Release|Any CPU
		{CA898625-EC6F-4835-B02E-1C89D7C975DB}.Release|Any CPU.Build.0 = Release|Any CPU
		{CA898625-EC6F-4835-B02E-1C89D7C975DB}.Release|Mixed Platforms.ActiveCfg = Release|Any CPU
		{CA898625-EC6F-4835-B02E-1C89D7C975DB}.Release|Mixed Platforms.Build.0 = Release|Any CPU
		{CA898625-EC6F-4835-B02E-1C89D7C975DB}.Release|x86.ActiveCfg = Release|Any CPU
		{DE97E066-2B1D-4CD5-9BBA-3DB1508EA1D7}.Debug|Any CPU.ActiveCfg = Debug|Any CPU
		{DE97E066-2B1D-4CD5-9BBA-3DB1508EA1D7}.Debug|Any CPU.Build.0 = Debug|Any CPU
		{DE97E066-2B1D-4CD5-9BBA-3DB1508EA1D7}.Debug|Mixed Platforms.ActiveCfg = Debug|Any CPU
		{DE97E066-2B1D-4CD5-9BBA-3DB1508EA1D7}.Debug|Mixed Platforms.Build.0 = Debug|Any CPU
		{DE97E066-2B1D-4CD5-9BBA-3DB1508EA1D7}.Debug|x86.ActiveCfg = Debug|Any CPU
		{DE97E066-2B1D-4CD5-9BBA-3DB1508EA1D7}.Release|Any CPU.ActiveCfg = Release|Any CPU
		{DE97E066-2B1D-4CD5-9BBA-3DB1508EA1D7}.Release|Any CPU.Build.0 = Release|Any CPU
		{DE97E066-2B1D-4CD5-9BBA-3DB1508EA1D7}.Release|Mixed Platforms.ActiveCfg = Release|Any CPU
		{DE97E066-2B1D-4CD5-9BBA-3DB1508EA1D7}.Release|Mixed Platforms.Build.0 = Release|Any CPU
		{DE97E066-2B1D-4CD5-9BBA-3DB1508EA1D7}.Release|x86.ActiveCfg = Release|Any CPU
		{09E721B5-6DE8-4A7B-B66E-4149B4B38296}.Debug|Any CPU.ActiveCfg = Debug|Any CPU
		{09E721B5-6DE8-4A7B-B66E-4149B4B38296}.Debug|Any CPU.Build.0 = Debug|Any CPU
		{09E721B5-6DE8-4A7B-B66E-4149B4B38296}.Debug|Mixed Platforms.ActiveCfg = Debug|Any CPU
		{09E721B5-6DE8-4A7B-B66E-4149B4B38296}.Debug|Mixed Platforms.Build.0 = Debug|Any CPU
		{09E721B5-6DE8-4A7B-B66E-4149B4B38296}.Debug|x86.ActiveCfg = Debug|Any CPU
		{09E721B5-6DE8-4A7B-B66E-4149B4B38296}.Release|Any CPU.ActiveCfg = Release|Any CPU
		{09E721B5-6DE8-4A7B-B66E-4149B4B38296}.Release|Any CPU.Build.0 = Release|Any CPU
		{09E721B5-6DE8-4A7B-B66E-4149B4B38296}.Release|Mixed Platforms.ActiveCfg = Release|Any CPU
		{09E721B5-6DE8-4A7B-B66E-4149B4B38296}.Release|Mixed Platforms.Build.0 = Release|Any CPU
		{09E721B5-6DE8-4A7B-B66E-4149B4B38296}.Release|x86.ActiveCfg = Release|Any CPU
		{3507E031-9C50-4D11-882A-8CEB5E2EA71A}.Debug|Any CPU.ActiveCfg = Debug|Any CPU
		{3507E031-9C50-4D11-882A-8CEB5E2EA71A}.Debug|Any CPU.Build.0 = Debug|Any CPU
		{3507E031-9C50-4D11-882A-8CEB5E2EA71A}.Debug|Mixed Platforms.ActiveCfg = Debug|Any CPU
		{3507E031-9C50-4D11-882A-8CEB5E2EA71A}.Debug|Mixed Platforms.Build.0 = Debug|Any CPU
		{3507E031-9C50-4D11-882A-8CEB5E2EA71A}.Debug|x86.ActiveCfg = Debug|Any CPU
		{3507E031-9C50-4D11-882A-8CEB5E2EA71A}.Release|Any CPU.ActiveCfg = Release|Any CPU
		{3507E031-9C50-4D11-882A-8CEB5E2EA71A}.Release|Any CPU.Build.0 = Release|Any CPU
		{3507E031-9C50-4D11-882A-8CEB5E2EA71A}.Release|Mixed Platforms.ActiveCfg = Release|Any CPU
		{3507E031-9C50-4D11-882A-8CEB5E2EA71A}.Release|Mixed Platforms.Build.0 = Release|Any CPU
		{3507E031-9C50-4D11-882A-8CEB5E2EA71A}.Release|x86.ActiveCfg = Release|Any CPU
		{47E8B5C9-9CB2-41DC-BF30-219E9682425D}.Debug|Any CPU.ActiveCfg = Debug|Any CPU
		{47E8B5C9-9CB2-41DC-BF30-219E9682425D}.Debug|Any CPU.Build.0 = Debug|Any CPU
		{47E8B5C9-9CB2-41DC-BF30-219E9682425D}.Debug|Mixed Platforms.ActiveCfg = Debug|Any CPU
		{47E8B5C9-9CB2-41DC-BF30-219E9682425D}.Debug|Mixed Platforms.Build.0 = Debug|Any CPU
		{47E8B5C9-9CB2-41DC-BF30-219E9682425D}.Debug|x86.ActiveCfg = Debug|Any CPU
		{47E8B5C9-9CB2-41DC-BF30-219E9682425D}.Release|Any CPU.ActiveCfg = Release|Any CPU
		{47E8B5C9-9CB2-41DC-BF30-219E9682425D}.Release|Any CPU.Build.0 = Release|Any CPU
		{47E8B5C9-9CB2-41DC-BF30-219E9682425D}.Release|Mixed Platforms.ActiveCfg = Release|Any CPU
		{47E8B5C9-9CB2-41DC-BF30-219E9682425D}.Release|Mixed Platforms.Build.0 = Release|Any CPU
		{47E8B5C9-9CB2-41DC-BF30-219E9682425D}.Release|x86.ActiveCfg = Release|Any CPU
		{23E384EF-5A39-4D73-A8D5-EF48C71C128F}.Debug|Any CPU.ActiveCfg = Debug|Any CPU
		{23E384EF-5A39-4D73-A8D5-EF48C71C128F}.Debug|Any CPU.Build.0 = Debug|Any CPU
		{23E384EF-5A39-4D73-A8D5-EF48C71C128F}.Debug|Mixed Platforms.ActiveCfg = Debug|Any CPU
		{23E384EF-5A39-4D73-A8D5-EF48C71C128F}.Debug|Mixed Platforms.Build.0 = Debug|Any CPU
		{23E384EF-5A39-4D73-A8D5-EF48C71C128F}.Debug|x86.ActiveCfg = Debug|Any CPU
		{23E384EF-5A39-4D73-A8D5-EF48C71C128F}.Release|Any CPU.ActiveCfg = Release|Any CPU
		{23E384EF-5A39-4D73-A8D5-EF48C71C128F}.Release|Any CPU.Build.0 = Release|Any CPU
		{23E384EF-5A39-4D73-A8D5-EF48C71C128F}.Release|Mixed Platforms.ActiveCfg = Release|Any CPU
		{23E384EF-5A39-4D73-A8D5-EF48C71C128F}.Release|Mixed Platforms.Build.0 = Release|Any CPU
		{23E384EF-5A39-4D73-A8D5-EF48C71C128F}.Release|x86.ActiveCfg = Release|Any CPU
		{DAE0249B-4F69-4AC9-9A17-AA23E0795316}.Debug|Any CPU.ActiveCfg = Debug|Any CPU
		{DAE0249B-4F69-4AC9-9A17-AA23E0795316}.Debug|Any CPU.Build.0 = Debug|Any CPU
		{DAE0249B-4F69-4AC9-9A17-AA23E0795316}.Debug|Mixed Platforms.ActiveCfg = Debug|Any CPU
		{DAE0249B-4F69-4AC9-9A17-AA23E0795316}.Debug|Mixed Platforms.Build.0 = Debug|Any CPU
		{DAE0249B-4F69-4AC9-9A17-AA23E0795316}.Debug|x86.ActiveCfg = Debug|Any CPU
		{DAE0249B-4F69-4AC9-9A17-AA23E0795316}.Release|Any CPU.ActiveCfg = Release|Any CPU
		{DAE0249B-4F69-4AC9-9A17-AA23E0795316}.Release|Any CPU.Build.0 = Release|Any CPU
		{DAE0249B-4F69-4AC9-9A17-AA23E0795316}.Release|Mixed Platforms.ActiveCfg = Release|Any CPU
		{DAE0249B-4F69-4AC9-9A17-AA23E0795316}.Release|Mixed Platforms.Build.0 = Release|Any CPU
		{DAE0249B-4F69-4AC9-9A17-AA23E0795316}.Release|x86.ActiveCfg = Release|Any CPU
		{B6FAEBE0-F65C-4154-93AC-D57789C0537C}.Debug|Any CPU.ActiveCfg = Debug|Any CPU
		{B6FAEBE0-F65C-4154-93AC-D57789C0537C}.Debug|Mixed Platforms.ActiveCfg = Debug|Any CPU
		{B6FAEBE0-F65C-4154-93AC-D57789C0537C}.Debug|x86.ActiveCfg = Debug|Any CPU
		{B6FAEBE0-F65C-4154-93AC-D57789C0537C}.Release|Any CPU.ActiveCfg = Release|Any CPU
		{B6FAEBE0-F65C-4154-93AC-D57789C0537C}.Release|Any CPU.Build.0 = Release|Any CPU
		{B6FAEBE0-F65C-4154-93AC-D57789C0537C}.Release|Mixed Platforms.ActiveCfg = Release|Any CPU
		{B6FAEBE0-F65C-4154-93AC-D57789C0537C}.Release|Mixed Platforms.Build.0 = Release|Any CPU
		{B6FAEBE0-F65C-4154-93AC-D57789C0537C}.Release|x86.ActiveCfg = Release|Any CPU
		{B624C199-F9ED-4E71-9DD8-D4153840390F}.Debug|Any CPU.ActiveCfg = Debug|Any CPU
		{B624C199-F9ED-4E71-9DD8-D4153840390F}.Debug|Any CPU.Build.0 = Debug|Any CPU
		{B624C199-F9ED-4E71-9DD8-D4153840390F}.Debug|Mixed Platforms.ActiveCfg = Debug|Any CPU
		{B624C199-F9ED-4E71-9DD8-D4153840390F}.Debug|Mixed Platforms.Build.0 = Debug|Any CPU
		{B624C199-F9ED-4E71-9DD8-D4153840390F}.Debug|x86.ActiveCfg = Debug|Any CPU
		{B624C199-F9ED-4E71-9DD8-D4153840390F}.Release|Any CPU.ActiveCfg = Release|Any CPU
		{B624C199-F9ED-4E71-9DD8-D4153840390F}.Release|Any CPU.Build.0 = Release|Any CPU
		{B624C199-F9ED-4E71-9DD8-D4153840390F}.Release|Mixed Platforms.ActiveCfg = Release|Any CPU
		{B624C199-F9ED-4E71-9DD8-D4153840390F}.Release|Mixed Platforms.Build.0 = Release|Any CPU
		{B624C199-F9ED-4E71-9DD8-D4153840390F}.Release|x86.ActiveCfg = Release|Any CPU
		{6ADE87AC-9E25-48B1-B0BF-333BF0F25418}.Debug|Any CPU.ActiveCfg = Debug|Any CPU
		{6ADE87AC-9E25-48B1-B0BF-333BF0F25418}.Debug|Any CPU.Build.0 = Debug|Any CPU
		{6ADE87AC-9E25-48B1-B0BF-333BF0F25418}.Debug|Mixed Platforms.ActiveCfg = Debug|Any CPU
		{6ADE87AC-9E25-48B1-B0BF-333BF0F25418}.Debug|Mixed Platforms.Build.0 = Debug|Any CPU
		{6ADE87AC-9E25-48B1-B0BF-333BF0F25418}.Debug|x86.ActiveCfg = Debug|Any CPU
		{6ADE87AC-9E25-48B1-B0BF-333BF0F25418}.Release|Any CPU.ActiveCfg = Release|Any CPU
		{6ADE87AC-9E25-48B1-B0BF-333BF0F25418}.Release|Any CPU.Build.0 = Release|Any CPU
		{6ADE87AC-9E25-48B1-B0BF-333BF0F25418}.Release|Mixed Platforms.ActiveCfg = Release|Any CPU
		{6ADE87AC-9E25-48B1-B0BF-333BF0F25418}.Release|x86.ActiveCfg = Release|Any CPU
		{E52CA00D-DDEA-4131-A02B-AE618B38326C}.Debug|Any CPU.ActiveCfg = Debug|Any CPU
		{E52CA00D-DDEA-4131-A02B-AE618B38326C}.Debug|Mixed Platforms.ActiveCfg = Debug|Any CPU
		{E52CA00D-DDEA-4131-A02B-AE618B38326C}.Debug|Mixed Platforms.Build.0 = Debug|Any CPU
		{E52CA00D-DDEA-4131-A02B-AE618B38326C}.Debug|x86.ActiveCfg = Debug|Any CPU
		{E52CA00D-DDEA-4131-A02B-AE618B38326C}.Release|Any CPU.ActiveCfg = Release|Any CPU
		{E52CA00D-DDEA-4131-A02B-AE618B38326C}.Release|Any CPU.Build.0 = Release|Any CPU
		{E52CA00D-DDEA-4131-A02B-AE618B38326C}.Release|Mixed Platforms.ActiveCfg = Release|Any CPU
		{E52CA00D-DDEA-4131-A02B-AE618B38326C}.Release|Mixed Platforms.Build.0 = Release|Any CPU
		{E52CA00D-DDEA-4131-A02B-AE618B38326C}.Release|x86.ActiveCfg = Release|Any CPU
		{E44AEEBD-2F10-4C7F-9577-3BCDCF0ADE82}.Debug|Any CPU.ActiveCfg = Debug|Any CPU
		{E44AEEBD-2F10-4C7F-9577-3BCDCF0ADE82}.Debug|Any CPU.Build.0 = Debug|Any CPU
		{E44AEEBD-2F10-4C7F-9577-3BCDCF0ADE82}.Debug|Mixed Platforms.ActiveCfg = Debug|Any CPU
		{E44AEEBD-2F10-4C7F-9577-3BCDCF0ADE82}.Debug|Mixed Platforms.Build.0 = Debug|Any CPU
		{E44AEEBD-2F10-4C7F-9577-3BCDCF0ADE82}.Debug|x86.ActiveCfg = Debug|Any CPU
		{E44AEEBD-2F10-4C7F-9577-3BCDCF0ADE82}.Release|Any CPU.ActiveCfg = Release|Any CPU
		{E44AEEBD-2F10-4C7F-9577-3BCDCF0ADE82}.Release|Any CPU.Build.0 = Release|Any CPU
		{E44AEEBD-2F10-4C7F-9577-3BCDCF0ADE82}.Release|Mixed Platforms.ActiveCfg = Release|Any CPU
		{E44AEEBD-2F10-4C7F-9577-3BCDCF0ADE82}.Release|Mixed Platforms.Build.0 = Release|Any CPU
		{E44AEEBD-2F10-4C7F-9577-3BCDCF0ADE82}.Release|x86.ActiveCfg = Release|Any CPU
		{DF0B93F6-EFBB-43FC-AF47-A75BF771D110}.Debug|Any CPU.ActiveCfg = Debug|Any CPU
		{DF0B93F6-EFBB-43FC-AF47-A75BF771D110}.Debug|Any CPU.Build.0 = Debug|Any CPU
		{DF0B93F6-EFBB-43FC-AF47-A75BF771D110}.Debug|Mixed Platforms.ActiveCfg = Debug|Any CPU
		{DF0B93F6-EFBB-43FC-AF47-A75BF771D110}.Debug|Mixed Platforms.Build.0 = Debug|Any CPU
		{DF0B93F6-EFBB-43FC-AF47-A75BF771D110}.Debug|x86.ActiveCfg = Debug|Any CPU
		{DF0B93F6-EFBB-43FC-AF47-A75BF771D110}.Release|Any CPU.ActiveCfg = Release|Any CPU
		{DF0B93F6-EFBB-43FC-AF47-A75BF771D110}.Release|Any CPU.Build.0 = Release|Any CPU
		{DF0B93F6-EFBB-43FC-AF47-A75BF771D110}.Release|Mixed Platforms.ActiveCfg = Release|Any CPU
		{DF0B93F6-EFBB-43FC-AF47-A75BF771D110}.Release|Mixed Platforms.Build.0 = Release|Any CPU
		{DF0B93F6-EFBB-43FC-AF47-A75BF771D110}.Release|x86.ActiveCfg = Release|Any CPU
		{90C7DDD5-CC14-411E-99FE-B2515BCF6AA1}.Debug|Any CPU.ActiveCfg = Debug|Any CPU
		{90C7DDD5-CC14-411E-99FE-B2515BCF6AA1}.Debug|Any CPU.Build.0 = Debug|Any CPU
		{90C7DDD5-CC14-411E-99FE-B2515BCF6AA1}.Debug|Mixed Platforms.ActiveCfg = Debug|Any CPU
		{90C7DDD5-CC14-411E-99FE-B2515BCF6AA1}.Debug|Mixed Platforms.Build.0 = Debug|Any CPU
		{90C7DDD5-CC14-411E-99FE-B2515BCF6AA1}.Debug|x86.ActiveCfg = Debug|Any CPU
		{90C7DDD5-CC14-411E-99FE-B2515BCF6AA1}.Release|Any CPU.ActiveCfg = Release|Any CPU
		{90C7DDD5-CC14-411E-99FE-B2515BCF6AA1}.Release|Any CPU.Build.0 = Release|Any CPU
		{90C7DDD5-CC14-411E-99FE-B2515BCF6AA1}.Release|Mixed Platforms.ActiveCfg = Release|Any CPU
		{90C7DDD5-CC14-411E-99FE-B2515BCF6AA1}.Release|Mixed Platforms.Build.0 = Release|Any CPU
		{90C7DDD5-CC14-411E-99FE-B2515BCF6AA1}.Release|x86.ActiveCfg = Release|Any CPU
		{575F97EF-6442-4D06-BB7E-490AE110D504}.Debug|Any CPU.ActiveCfg = Debug|Any CPU
		{575F97EF-6442-4D06-BB7E-490AE110D504}.Debug|Any CPU.Build.0 = Debug|Any CPU
		{575F97EF-6442-4D06-BB7E-490AE110D504}.Debug|Mixed Platforms.ActiveCfg = Debug|Any CPU
		{575F97EF-6442-4D06-BB7E-490AE110D504}.Debug|Mixed Platforms.Build.0 = Debug|Any CPU
		{575F97EF-6442-4D06-BB7E-490AE110D504}.Debug|x86.ActiveCfg = Debug|Any CPU
		{575F97EF-6442-4D06-BB7E-490AE110D504}.Release|Any CPU.ActiveCfg = Release|Any CPU
		{575F97EF-6442-4D06-BB7E-490AE110D504}.Release|Any CPU.Build.0 = Release|Any CPU
		{575F97EF-6442-4D06-BB7E-490AE110D504}.Release|Mixed Platforms.ActiveCfg = Release|Any CPU
		{575F97EF-6442-4D06-BB7E-490AE110D504}.Release|Mixed Platforms.Build.0 = Release|Any CPU
		{575F97EF-6442-4D06-BB7E-490AE110D504}.Release|x86.ActiveCfg = Release|Any CPU
		{E4E0ED10-111E-4B5C-BB6F-07F2ECCB30AE}.Debug|Any CPU.ActiveCfg = Debug|Any CPU
		{E4E0ED10-111E-4B5C-BB6F-07F2ECCB30AE}.Debug|Any CPU.Build.0 = Debug|Any CPU
		{E4E0ED10-111E-4B5C-BB6F-07F2ECCB30AE}.Debug|Mixed Platforms.ActiveCfg = Debug|Any CPU
		{E4E0ED10-111E-4B5C-BB6F-07F2ECCB30AE}.Debug|Mixed Platforms.Build.0 = Debug|Any CPU
		{E4E0ED10-111E-4B5C-BB6F-07F2ECCB30AE}.Debug|x86.ActiveCfg = Debug|Any CPU
		{E4E0ED10-111E-4B5C-BB6F-07F2ECCB30AE}.Release|Any CPU.ActiveCfg = Release|Any CPU
		{E4E0ED10-111E-4B5C-BB6F-07F2ECCB30AE}.Release|Any CPU.Build.0 = Release|Any CPU
		{E4E0ED10-111E-4B5C-BB6F-07F2ECCB30AE}.Release|Mixed Platforms.ActiveCfg = Release|Any CPU
		{E4E0ED10-111E-4B5C-BB6F-07F2ECCB30AE}.Release|Mixed Platforms.Build.0 = Release|Any CPU
		{E4E0ED10-111E-4B5C-BB6F-07F2ECCB30AE}.Release|x86.ActiveCfg = Release|Any CPU
		{9B5CEA3D-E269-49C0-96B7-5CDA9C9FF997}.Debug|Any CPU.ActiveCfg = Debug|Any CPU
		{9B5CEA3D-E269-49C0-96B7-5CDA9C9FF997}.Debug|Any CPU.Build.0 = Debug|Any CPU
		{9B5CEA3D-E269-49C0-96B7-5CDA9C9FF997}.Debug|Mixed Platforms.ActiveCfg = Debug|Any CPU
		{9B5CEA3D-E269-49C0-96B7-5CDA9C9FF997}.Debug|Mixed Platforms.Build.0 = Debug|Any CPU
		{9B5CEA3D-E269-49C0-96B7-5CDA9C9FF997}.Debug|x86.ActiveCfg = Debug|Any CPU
		{9B5CEA3D-E269-49C0-96B7-5CDA9C9FF997}.Release|Any CPU.ActiveCfg = Release|Any CPU
		{9B5CEA3D-E269-49C0-96B7-5CDA9C9FF997}.Release|Any CPU.Build.0 = Release|Any CPU
		{9B5CEA3D-E269-49C0-96B7-5CDA9C9FF997}.Release|Mixed Platforms.ActiveCfg = Release|Any CPU
		{9B5CEA3D-E269-49C0-96B7-5CDA9C9FF997}.Release|Mixed Platforms.Build.0 = Release|Any CPU
		{9B5CEA3D-E269-49C0-96B7-5CDA9C9FF997}.Release|x86.ActiveCfg = Release|Any CPU
		{94508206-8537-4088-923B-E7FCB0539903}.Debug|Any CPU.ActiveCfg = Debug|Any CPU
		{94508206-8537-4088-923B-E7FCB0539903}.Debug|Any CPU.Build.0 = Debug|Any CPU
		{94508206-8537-4088-923B-E7FCB0539903}.Debug|Mixed Platforms.ActiveCfg = Debug|Any CPU
		{94508206-8537-4088-923B-E7FCB0539903}.Debug|Mixed Platforms.Build.0 = Debug|Any CPU
		{94508206-8537-4088-923B-E7FCB0539903}.Debug|x86.ActiveCfg = Debug|Any CPU
		{94508206-8537-4088-923B-E7FCB0539903}.Release|Any CPU.ActiveCfg = Release|Any CPU
		{94508206-8537-4088-923B-E7FCB0539903}.Release|Any CPU.Build.0 = Release|Any CPU
		{94508206-8537-4088-923B-E7FCB0539903}.Release|Mixed Platforms.ActiveCfg = Release|Any CPU
		{94508206-8537-4088-923B-E7FCB0539903}.Release|Mixed Platforms.Build.0 = Release|Any CPU
		{94508206-8537-4088-923B-E7FCB0539903}.Release|x86.ActiveCfg = Release|Any CPU
		{4E5B8C2F-9008-4A17-ABD1-A92E046C6A1E}.Debug|Any CPU.ActiveCfg = Debug|Any CPU
		{4E5B8C2F-9008-4A17-ABD1-A92E046C6A1E}.Debug|Any CPU.Build.0 = Debug|Any CPU
		{4E5B8C2F-9008-4A17-ABD1-A92E046C6A1E}.Debug|Mixed Platforms.ActiveCfg = Debug|Any CPU
		{4E5B8C2F-9008-4A17-ABD1-A92E046C6A1E}.Debug|Mixed Platforms.Build.0 = Debug|Any CPU
		{4E5B8C2F-9008-4A17-ABD1-A92E046C6A1E}.Debug|x86.ActiveCfg = Debug|Any CPU
		{4E5B8C2F-9008-4A17-ABD1-A92E046C6A1E}.Release|Any CPU.ActiveCfg = Release|Any CPU
		{4E5B8C2F-9008-4A17-ABD1-A92E046C6A1E}.Release|Any CPU.Build.0 = Release|Any CPU
		{4E5B8C2F-9008-4A17-ABD1-A92E046C6A1E}.Release|Mixed Platforms.ActiveCfg = Release|Any CPU
		{4E5B8C2F-9008-4A17-ABD1-A92E046C6A1E}.Release|Mixed Platforms.Build.0 = Release|Any CPU
		{4E5B8C2F-9008-4A17-ABD1-A92E046C6A1E}.Release|x86.ActiveCfg = Release|Any CPU
		{A635DE23-DDC1-43ED-BC5D-D49B7E8A4355}.Debug|Any CPU.ActiveCfg = Debug|Any CPU
		{A635DE23-DDC1-43ED-BC5D-D49B7E8A4355}.Debug|Any CPU.Build.0 = Debug|Any CPU
		{A635DE23-DDC1-43ED-BC5D-D49B7E8A4355}.Debug|Mixed Platforms.ActiveCfg = Debug|Any CPU
		{A635DE23-DDC1-43ED-BC5D-D49B7E8A4355}.Debug|Mixed Platforms.Build.0 = Debug|Any CPU
		{A635DE23-DDC1-43ED-BC5D-D49B7E8A4355}.Debug|x86.ActiveCfg = Debug|Any CPU
		{A635DE23-DDC1-43ED-BC5D-D49B7E8A4355}.Release|Any CPU.ActiveCfg = Release|Any CPU
		{A635DE23-DDC1-43ED-BC5D-D49B7E8A4355}.Release|Any CPU.Build.0 = Release|Any CPU
		{A635DE23-DDC1-43ED-BC5D-D49B7E8A4355}.Release|Mixed Platforms.ActiveCfg = Release|Any CPU
		{A635DE23-DDC1-43ED-BC5D-D49B7E8A4355}.Release|Mixed Platforms.Build.0 = Release|Any CPU
		{A635DE23-DDC1-43ED-BC5D-D49B7E8A4355}.Release|x86.ActiveCfg = Release|Any CPU
		{CF410EAB-4608-4239-BFF9-9A729DA9FBB5}.Debug|Any CPU.ActiveCfg = Debug|Any CPU
		{CF410EAB-4608-4239-BFF9-9A729DA9FBB5}.Debug|Any CPU.Build.0 = Debug|Any CPU
		{CF410EAB-4608-4239-BFF9-9A729DA9FBB5}.Debug|Mixed Platforms.ActiveCfg = Debug|Any CPU
		{CF410EAB-4608-4239-BFF9-9A729DA9FBB5}.Debug|Mixed Platforms.Build.0 = Debug|Any CPU
		{CF410EAB-4608-4239-BFF9-9A729DA9FBB5}.Debug|x86.ActiveCfg = Debug|Any CPU
		{CF410EAB-4608-4239-BFF9-9A729DA9FBB5}.Release|Any CPU.ActiveCfg = Release|Any CPU
		{CF410EAB-4608-4239-BFF9-9A729DA9FBB5}.Release|Any CPU.Build.0 = Release|Any CPU
		{CF410EAB-4608-4239-BFF9-9A729DA9FBB5}.Release|Mixed Platforms.ActiveCfg = Release|Any CPU
		{CF410EAB-4608-4239-BFF9-9A729DA9FBB5}.Release|Mixed Platforms.Build.0 = Release|Any CPU
		{CF410EAB-4608-4239-BFF9-9A729DA9FBB5}.Release|x86.ActiveCfg = Release|Any CPU
		{AFB811AE-7881-4A2A-AAC4-C52424300199}.Debug|Any CPU.ActiveCfg = Debug|Any CPU
		{AFB811AE-7881-4A2A-AAC4-C52424300199}.Debug|Any CPU.Build.0 = Debug|Any CPU
		{AFB811AE-7881-4A2A-AAC4-C52424300199}.Debug|Mixed Platforms.ActiveCfg = Debug|Any CPU
		{AFB811AE-7881-4A2A-AAC4-C52424300199}.Debug|Mixed Platforms.Build.0 = Debug|Any CPU
		{AFB811AE-7881-4A2A-AAC4-C52424300199}.Debug|x86.ActiveCfg = Debug|Any CPU
		{AFB811AE-7881-4A2A-AAC4-C52424300199}.Release|Any CPU.ActiveCfg = Release|Any CPU
		{AFB811AE-7881-4A2A-AAC4-C52424300199}.Release|Any CPU.Build.0 = Release|Any CPU
		{AFB811AE-7881-4A2A-AAC4-C52424300199}.Release|Mixed Platforms.ActiveCfg = Release|Any CPU
		{AFB811AE-7881-4A2A-AAC4-C52424300199}.Release|Mixed Platforms.Build.0 = Release|Any CPU
		{AFB811AE-7881-4A2A-AAC4-C52424300199}.Release|x86.ActiveCfg = Release|Any CPU
	EndGlobalSection
	GlobalSection(SolutionProperties) = preSolution
		HideSolutionNode = FALSE
	EndGlobalSection
	GlobalSection(NestedProjects) = preSolution
		{5F3A6F4F-CA28-467F-BACD-5979F9190BAE} = {262EC12E-67D8-49A2-A97D-BFC31321CFCE}
		{596DCD71-078B-4875-A8E2-CDA10F90920E} = {9BD72299-11FB-427E-A607-94738F69CB50}
		{60FFC9DB-218A-4D15-932F-1EE535D930C1} = {9BD72299-11FB-427E-A607-94738F69CB50}
		{B9A79FD2-4E5F-4153-B277-27EBFC74FC4F} = {9BD72299-11FB-427E-A607-94738F69CB50}
		{F050FC5D-C63C-4453-A98E-C3DB7D0F255A} = {56F606B4-EB9C-4774-8463-B183953973F2}
		{54D394C4-AB61-4F76-B312-57B6E4588852} = {56F606B4-EB9C-4774-8463-B183953973F2}
		{176321FB-B20B-4524-9084-306F32D6B168} = {15EE658C-7B98-460D-B66F-B460E848F4A4}
		{25EB3D9E-AFDD-4B36-94BC-D672295C2701} = {15EE658C-7B98-460D-B66F-B460E848F4A4}
		{A33FE01F-AE9B-4BDE-B521-AB13916B1CFA} = {61DD8810-FF1B-45FB-BD83-8ADD3A7E8976}
		{453C8A9D-72AA-4F8D-9354-8B0F57F2B58A} = {61DD8810-FF1B-45FB-BD83-8ADD3A7E8976}
		{754AE1B9-11D0-4270-98C7-8DA69B150860} = {61DD8810-FF1B-45FB-BD83-8ADD3A7E8976}
		{FFA3DDD3-A1F8-4BF0-92B3-272FD8CE3765} = {68A84D7E-CA31-4900-B92B-C32590526B7C}
		{DCF731C2-85EE-46FD-9E4C-E38DF52BDEA1} = {D41EC1D0-2E2F-48E2-9983-A16C30A9AFCE}
		{2D4B501E-C25D-40B4-8DA4-C69685A87CB1} = {D41EC1D0-2E2F-48E2-9983-A16C30A9AFCE}
		{A3E92056-1E79-4FD4-9B76-88E32FA29558} = {D41EC1D0-2E2F-48E2-9983-A16C30A9AFCE}
		{37066C39-DF25-497A-BDA4-438DFB32FD78} = {9BD72299-11FB-427E-A607-94738F69CB50}
		{83D439EC-4776-4E6C-A697-971C0AD388C5} = {D41EC1D0-2E2F-48E2-9983-A16C30A9AFCE}
		{CA898625-EC6F-4835-B02E-1C89D7C975DB} = {9BD72299-11FB-427E-A607-94738F69CB50}
		{DE97E066-2B1D-4CD5-9BBA-3DB1508EA1D7} = {D41EC1D0-2E2F-48E2-9983-A16C30A9AFCE}
		{09E721B5-6DE8-4A7B-B66E-4149B4B38296} = {D41EC1D0-2E2F-48E2-9983-A16C30A9AFCE}
		{3507E031-9C50-4D11-882A-8CEB5E2EA71A} = {D41EC1D0-2E2F-48E2-9983-A16C30A9AFCE}
		{47E8B5C9-9CB2-41DC-BF30-219E9682425D} = {9BD72299-11FB-427E-A607-94738F69CB50}
		{23E384EF-5A39-4D73-A8D5-EF48C71C128F} = {61DD8810-FF1B-45FB-BD83-8ADD3A7E8976}
		{DAE0249B-4F69-4AC9-9A17-AA23E0795316} = {61DD8810-FF1B-45FB-BD83-8ADD3A7E8976}
		{B6FAEBE0-F65C-4154-93AC-D57789C0537C} = {CD02E04B-CE5B-46AD-9611-46229B674DB0}
		{B624C199-F9ED-4E71-9DD8-D4153840390F} = {68A84D7E-CA31-4900-B92B-C32590526B7C}
		{6ADE87AC-9E25-48B1-B0BF-333BF0F25418} = {9BD72299-11FB-427E-A607-94738F69CB50}
		{E52CA00D-DDEA-4131-A02B-AE618B38326C} = {AF01EE03-5893-486B-AB8A-CA19ADDE01B3}
		{E44AEEBD-2F10-4C7F-9577-3BCDCF0ADE82} = {689BF3DA-EAC7-46A6-9816-07F86C2365D1}
		{DF0B93F6-EFBB-43FC-AF47-A75BF771D110} = {D41EC1D0-2E2F-48E2-9983-A16C30A9AFCE}
		{90C7DDD5-CC14-411E-99FE-B2515BCF6AA1} = {D41EC1D0-2E2F-48E2-9983-A16C30A9AFCE}
		{575F97EF-6442-4D06-BB7E-490AE110D504} = {D41EC1D0-2E2F-48E2-9983-A16C30A9AFCE}
		{E4E0ED10-111E-4B5C-BB6F-07F2ECCB30AE} = {D41EC1D0-2E2F-48E2-9983-A16C30A9AFCE}
		{9B5CEA3D-E269-49C0-96B7-5CDA9C9FF997} = {D41EC1D0-2E2F-48E2-9983-A16C30A9AFCE}
		{94508206-8537-4088-923B-E7FCB0539903} = {61DD8810-FF1B-45FB-BD83-8ADD3A7E8976}
		{4E5B8C2F-9008-4A17-ABD1-A92E046C6A1E} = {61DD8810-FF1B-45FB-BD83-8ADD3A7E8976}
		{A635DE23-DDC1-43ED-BC5D-D49B7E8A4355} = {61DD8810-FF1B-45FB-BD83-8ADD3A7E8976}
		{CF410EAB-4608-4239-BFF9-9A729DA9FBB5} = {262EC12E-67D8-49A2-A97D-BFC31321CFCE}
		{AFB811AE-7881-4A2A-AAC4-C52424300199} = {D41EC1D0-2E2F-48E2-9983-A16C30A9AFCE}
	EndGlobalSection
EndGlobal
