
Microsoft Visual Studio Solution File, Format Version 12.00
# Visual Studio 2013
VisualStudioVersion = 12.0.21005.1
MinimumVisualStudioVersion = 10.0.40219.1
Project("{2150E333-8FDC-42A3-9474-1A3956D46DE8}") = "MainLine", "MainLine", "{5CB1CE19-5D63-4692-B329-4B7C1327EE3A}"
EndProject
Project("{2150E333-8FDC-42A3-9474-1A3956D46DE8}") = "Business", "Business", "{8E0D1F9C-D6D4-4AE2-A2AD-F4F068C18F69}"
EndProject
Project("{2150E333-8FDC-42A3-9474-1A3956D46DE8}") = "Data", "Data", "{72411891-7D08-4D68-931E-5163939CF92A}"
EndProject
Project("{2150E333-8FDC-42A3-9474-1A3956D46DE8}") = "Database", "Database", "{CAACFB7A-653F-4C51-973A-CE5CDADF2579}"
EndProject
Project("{2150E333-8FDC-42A3-9474-1A3956D46DE8}") = "Documents", "Documents", "{2F50AE7B-FEC4-468B-B7DE-7B0ACD5533F2}"
EndProject
Project("{2150E333-8FDC-42A3-9474-1A3956D46DE8}") = "External", "External", "{933B6954-EE97-4652-AAC1-69EACEA29F4A}"
EndProject
Project("{2150E333-8FDC-42A3-9474-1A3956D46DE8}") = "Hosts", "Hosts", "{E9AA1032-93CF-4541-BC5E-B2D4B5E98950}"
EndProject
Project("{2150E333-8FDC-42A3-9474-1A3956D46DE8}") = "Presentation", "Presentation", "{E569651B-945A-44D4-89EE-E97C43939157}"
EndProject
Project("{2150E333-8FDC-42A3-9474-1A3956D46DE8}") = "Service", "Service", "{C6E6293D-ED76-4FE7-836C-577A47F7539B}"
EndProject
Project("{2150E333-8FDC-42A3-9474-1A3956D46DE8}") = "Shared", "Shared", "{A0A46781-CD97-4E03-A990-E50246C3C2CB}"
EndProject
Project("{2150E333-8FDC-42A3-9474-1A3956D46DE8}") = "Tests", "Tests", "{B87A02D6-2E8F-40F7-BD29-D8B18603B721}"
EndProject
Project("{2150E333-8FDC-42A3-9474-1A3956D46DE8}") = "TestResults", "TestResults", "{57BEC438-AA69-4370-B175-AB7AC643B5E9}"
EndProject
Project("{FAE04EC0-301F-11D3-BF4B-00C04F79EFBC}") = "Bec.DynamicForm.Business", "Business\Bec.DynamicForm.Business\Bec.DynamicForm.Business.csproj", "{82621FD2-BA17-4EF2-848B-15097F9A5391}"
EndProject
Project("{FAE04EC0-301F-11D3-BF4B-00C04F79EFBC}") = "Bec.DynamicForm.Infrastructure", "Data\Bec.DynamicForm.Infrastructure\Bec.DynamicForm.Infrastructure.csproj", "{76F23EC6-A243-4C66-9A3F-BB4042DF0A60}"
EndProject
Project("{FAE04EC0-301F-11D3-BF4B-00C04F79EFBC}") = "Bec.DynamicForm.Data", "Data\Bec.DynamicForm.Data\Bec.DynamicForm.Data.csproj", "{5DE088A9-63A5-40FD-862D-E6DAB6B9628D}"
EndProject
Project("{FAE04EC0-301F-11D3-BF4B-00C04F79EFBC}") = "Bec.DynamicForm.UI.Web", "Presentation\Bec.DynamicForm.UI.Web\Bec.DynamicForm.UI.Web.csproj", "{450C4482-5AF8-4E64-9358-A22EAB6EFD9C}"
EndProject
Project("{FAE04EC0-301F-11D3-BF4B-00C04F79EFBC}") = "Bec.DynamicForm.UI.Web.Tests", "Bec.DynamicForm.UI.Web.Tests\Bec.DynamicForm.UI.Web.Tests.csproj", "{A3F5B24A-D781-410D-B268-26144C9F9F3B}"
EndProject
Project("{FAE04EC0-301F-11D3-BF4B-00C04F79EFBC}") = "Bec.DynamicForm.Entities", "Shared\Bec.DynamicForm.Entities\Bec.DynamicForm.Entities.csproj", "{EF9AB0E8-D5FC-455E-BE03-23B8BF8A8D2E}"
EndProject
Global
	GlobalSection(SolutionConfigurationPlatforms) = preSolution
		Debug|Any CPU = Debug|Any CPU
		Release|Any CPU = Release|Any CPU
	EndGlobalSection
	GlobalSection(ProjectConfigurationPlatforms) = postSolution
		{82621FD2-BA17-4EF2-848B-15097F9A5391}.Debug|Any CPU.ActiveCfg = Debug|Any CPU
		{82621FD2-BA17-4EF2-848B-15097F9A5391}.Debug|Any CPU.Build.0 = Debug|Any CPU
		{82621FD2-BA17-4EF2-848B-15097F9A5391}.Release|Any CPU.ActiveCfg = Release|Any CPU
		{82621FD2-BA17-4EF2-848B-15097F9A5391}.Release|Any CPU.Build.0 = Release|Any CPU
		{76F23EC6-A243-4C66-9A3F-BB4042DF0A60}.Debug|Any CPU.ActiveCfg = Debug|Any CPU
		{76F23EC6-A243-4C66-9A3F-BB4042DF0A60}.Debug|Any CPU.Build.0 = Debug|Any CPU
		{76F23EC6-A243-4C66-9A3F-BB4042DF0A60}.Release|Any CPU.ActiveCfg = Release|Any CPU
		{76F23EC6-A243-4C66-9A3F-BB4042DF0A60}.Release|Any CPU.Build.0 = Release|Any CPU
		{5DE088A9-63A5-40FD-862D-E6DAB6B9628D}.Debug|Any CPU.ActiveCfg = Debug|Any CPU
		{5DE088A9-63A5-40FD-862D-E6DAB6B9628D}.Debug|Any CPU.Build.0 = Debug|Any CPU
		{5DE088A9-63A5-40FD-862D-E6DAB6B9628D}.Release|Any CPU.ActiveCfg = Release|Any CPU
		{5DE088A9-63A5-40FD-862D-E6DAB6B9628D}.Release|Any CPU.Build.0 = Release|Any CPU
		{450C4482-5AF8-4E64-9358-A22EAB6EFD9C}.Debug|Any CPU.ActiveCfg = Debug|Any CPU
		{450C4482-5AF8-4E64-9358-A22EAB6EFD9C}.Debug|Any CPU.Build.0 = Debug|Any CPU
		{450C4482-5AF8-4E64-9358-A22EAB6EFD9C}.Release|Any CPU.ActiveCfg = Release|Any CPU
		{450C4482-5AF8-4E64-9358-A22EAB6EFD9C}.Release|Any CPU.Build.0 = Release|Any CPU
		{A3F5B24A-D781-410D-B268-26144C9F9F3B}.Debug|Any CPU.ActiveCfg = Debug|Any CPU
		{A3F5B24A-D781-410D-B268-26144C9F9F3B}.Debug|Any CPU.Build.0 = Debug|Any CPU
		{A3F5B24A-D781-410D-B268-26144C9F9F3B}.Release|Any CPU.ActiveCfg = Release|Any CPU
		{A3F5B24A-D781-410D-B268-26144C9F9F3B}.Release|Any CPU.Build.0 = Release|Any CPU
		{EF9AB0E8-D5FC-455E-BE03-23B8BF8A8D2E}.Debug|Any CPU.ActiveCfg = Debug|Any CPU
		{EF9AB0E8-D5FC-455E-BE03-23B8BF8A8D2E}.Debug|Any CPU.Build.0 = Debug|Any CPU
		{EF9AB0E8-D5FC-455E-BE03-23B8BF8A8D2E}.Release|Any CPU.ActiveCfg = Release|Any CPU
		{EF9AB0E8-D5FC-455E-BE03-23B8BF8A8D2E}.Release|Any CPU.Build.0 = Release|Any CPU
	EndGlobalSection
	GlobalSection(SolutionProperties) = preSolution
		HideSolutionNode = FALSE
	EndGlobalSection
	GlobalSection(NestedProjects) = preSolution
		{8E0D1F9C-D6D4-4AE2-A2AD-F4F068C18F69} = {5CB1CE19-5D63-4692-B329-4B7C1327EE3A}
		{72411891-7D08-4D68-931E-5163939CF92A} = {5CB1CE19-5D63-4692-B329-4B7C1327EE3A}
		{CAACFB7A-653F-4C51-973A-CE5CDADF2579} = {5CB1CE19-5D63-4692-B329-4B7C1327EE3A}
		{2F50AE7B-FEC4-468B-B7DE-7B0ACD5533F2} = {5CB1CE19-5D63-4692-B329-4B7C1327EE3A}
		{933B6954-EE97-4652-AAC1-69EACEA29F4A} = {5CB1CE19-5D63-4692-B329-4B7C1327EE3A}
		{E9AA1032-93CF-4541-BC5E-B2D4B5E98950} = {5CB1CE19-5D63-4692-B329-4B7C1327EE3A}
		{E569651B-945A-44D4-89EE-E97C43939157} = {5CB1CE19-5D63-4692-B329-4B7C1327EE3A}
		{C6E6293D-ED76-4FE7-836C-577A47F7539B} = {5CB1CE19-5D63-4692-B329-4B7C1327EE3A}
		{A0A46781-CD97-4E03-A990-E50246C3C2CB} = {5CB1CE19-5D63-4692-B329-4B7C1327EE3A}
		{B87A02D6-2E8F-40F7-BD29-D8B18603B721} = {5CB1CE19-5D63-4692-B329-4B7C1327EE3A}
		{57BEC438-AA69-4370-B175-AB7AC643B5E9} = {5CB1CE19-5D63-4692-B329-4B7C1327EE3A}
		{82621FD2-BA17-4EF2-848B-15097F9A5391} = {8E0D1F9C-D6D4-4AE2-A2AD-F4F068C18F69}
		{76F23EC6-A243-4C66-9A3F-BB4042DF0A60} = {72411891-7D08-4D68-931E-5163939CF92A}
		{5DE088A9-63A5-40FD-862D-E6DAB6B9628D} = {72411891-7D08-4D68-931E-5163939CF92A}
		{450C4482-5AF8-4E64-9358-A22EAB6EFD9C} = {E569651B-945A-44D4-89EE-E97C43939157}
		{A3F5B24A-D781-410D-B268-26144C9F9F3B} = {E569651B-945A-44D4-89EE-E97C43939157}
		{EF9AB0E8-D5FC-455E-BE03-23B8BF8A8D2E} = {A0A46781-CD97-4E03-A990-E50246C3C2CB}
	EndGlobalSection
EndGlobal
